// !$*UTF8*$!
{
	archiveVersion = 1;
	classes = {
	};
	objectVersion = 55;
	objects = {

/* Begin PBXBuildFile section */
		BC31B1A4E276EE8D3A5F13D6 /* libPods-ThreadSafety.a in Frameworks */ = {isa = PBXBuildFile; fileRef = 0051B882705D0BBB15B889D8 /* libPods-ThreadSafety.a */; };
		D4AB3B6127F098CB00125B37 /* AppDelegate.swift in Sources */ = {isa = PBXBuildFile; fileRef = D4AB3B6027F098CB00125B37 /* AppDelegate.swift */; };
		D4AB3B6327F098CB00125B37 /* SceneDelegate.swift in Sources */ = {isa = PBXBuildFile; fileRef = D4AB3B6227F098CB00125B37 /* SceneDelegate.swift */; };
		D4AB3B6527F098CB00125B37 /* ViewController.swift in Sources */ = {isa = PBXBuildFile; fileRef = D4AB3B6427F098CB00125B37 /* ViewController.swift */; };
		D4AB3B6827F098CB00125B37 /* Main.storyboard in Resources */ = {isa = PBXBuildFile; fileRef = D4AB3B6627F098CB00125B37 /* Main.storyboard */; };
		D4AB3B6A27F098CC00125B37 /* Assets.xcassets in Resources */ = {isa = PBXBuildFile; fileRef = D4AB3B6927F098CC00125B37 /* Assets.xcassets */; };
		D4AB3B6D27F098CC00125B37 /* LaunchScreen.storyboard in Resources */ = {isa = PBXBuildFile; fileRef = D4AB3B6B27F098CC00125B37 /* LaunchScreen.storyboard */; };
/* End PBXBuildFile section */

/* Begin PBXFileReference section */
		0051B882705D0BBB15B889D8 /* libPods-ThreadSafety.a */ = {isa = PBXFileReference; explicitFileType = archive.ar; includeInIndex = 0; path = "libPods-ThreadSafety.a"; sourceTree = BUILT_PRODUCTS_DIR; };
		62658499BC301B0012C6CAA7 /* Pods-ThreadSafety.debug.xcconfig */ = {isa = PBXFileReference; includeInIndex = 1; lastKnownFileType = text.xcconfig; name = "Pods-ThreadSafety.debug.xcconfig"; path = "Target Support Files/Pods-ThreadSafety/Pods-ThreadSafety.debug.xcconfig"; sourceTree = "<group>"; };
		8269AB1D712932316D8DF709 /* Pods-ThreadSafety.release.xcconfig */ = {isa = PBXFileReference; includeInIndex = 1; lastKnownFileType = text.xcconfig; name = "Pods-ThreadSafety.release.xcconfig"; path = "Target Support Files/Pods-ThreadSafety/Pods-ThreadSafety.release.xcconfig"; sourceTree = "<group>"; };
		D4AB3B5D27F098CB00125B37 /* ThreadSafety.app */ = {isa = PBXFileReference; explicitFileType = wrapper.application; includeInIndex = 0; path = ThreadSafety.app; sourceTree = BUILT_PRODUCTS_DIR; };
		D4AB3B6027F098CB00125B37 /* AppDelegate.swift */ = {isa = PBXFileReference; lastKnownFileType = sourcecode.swift; path = AppDelegate.swift; sourceTree = "<group>"; };
		D4AB3B6227F098CB00125B37 /* SceneDelegate.swift */ = {isa = PBXFileReference; lastKnownFileType = sourcecode.swift; path = SceneDelegate.swift; sourceTree = "<group>"; };
		D4AB3B6427F098CB00125B37 /* ViewController.swift */ = {isa = PBXFileReference; lastKnownFileType = sourcecode.swift; path = ViewController.swift; sourceTree = "<group>"; };
		D4AB3B6727F098CB00125B37 /* Base */ = {isa = PBXFileReference; lastKnownFileType = file.storyboard; name = Base; path = Base.lproj/Main.storyboard; sourceTree = "<group>"; };
		D4AB3B6927F098CC00125B37 /* Assets.xcassets */ = {isa = PBXFileReference; lastKnownFileType = folder.assetcatalog; path = Assets.xcassets; sourceTree = "<group>"; };
		D4AB3B6C27F098CC00125B37 /* Base */ = {isa = PBXFileReference; lastKnownFileType = file.storyboard; name = Base; path = Base.lproj/LaunchScreen.storyboard; sourceTree = "<group>"; };
		D4AB3B6E27F098CC00125B37 /* Info.plist */ = {isa = PBXFileReference; lastKnownFileType = text.plist.xml; path = Info.plist; sourceTree = "<group>"; };
/* End PBXFileReference section */

/* Begin PBXFrameworksBuildPhase section */
		D4AB3B5A27F098CB00125B37 /* Frameworks */ = {
			isa = PBXFrameworksBuildPhase;
			buildActionMask = 2147483647;
			files = (
				BC31B1A4E276EE8D3A5F13D6 /* libPods-ThreadSafety.a in Frameworks */,
			);
			runOnlyForDeploymentPostprocessing = 0;
		};
/* End PBXFrameworksBuildPhase section */

/* Begin PBXGroup section */
		8C7D48A09D89B053BF0C2AE8 /* Frameworks */ = {
			isa = PBXGroup;
			children = (
				0051B882705D0BBB15B889D8 /* libPods-ThreadSafety.a */,
			);
			name = Frameworks;
			sourceTree = "<group>";
		};
		C63FF077041A351CB5B299C0 /* Pods */ = {
			isa = PBXGroup;
			children = (
				62658499BC301B0012C6CAA7 /* Pods-ThreadSafety.debug.xcconfig */,
				8269AB1D712932316D8DF709 /* Pods-ThreadSafety.release.xcconfig */,
			);
			path = Pods;
			sourceTree = "<group>";
		};
		D4AB3B5427F098CB00125B37 = {
			isa = PBXGroup;
			children = (
				D4AB3B5F27F098CB00125B37 /* ThreadSafety */,
				D4AB3B5E27F098CB00125B37 /* Products */,
				C63FF077041A351CB5B299C0 /* Pods */,
				8C7D48A09D89B053BF0C2AE8 /* Frameworks */,
			);
			sourceTree = "<group>";
		};
		D4AB3B5E27F098CB00125B37 /* Products */ = {
			isa = PBXGroup;
			children = (
				D4AB3B5D27F098CB00125B37 /* ThreadSafety.app */,
			);
			name = Products;
			sourceTree = "<group>";
		};
		D4AB3B5F27F098CB00125B37 /* ThreadSafety */ = {
			isa = PBXGroup;
			children = (
				D4AB3B6027F098CB00125B37 /* AppDelegate.swift */,
				D4AB3B6227F098CB00125B37 /* SceneDelegate.swift */,
				D4AB3B6427F098CB00125B37 /* ViewController.swift */,
				D4AB3B6627F098CB00125B37 /* Main.storyboard */,
				D4AB3B6927F098CC00125B37 /* Assets.xcassets */,
				D4AB3B6B27F098CC00125B37 /* LaunchScreen.storyboard */,
				D4AB3B6E27F098CC00125B37 /* Info.plist */,
			);
			path = ThreadSafety;
			sourceTree = "<group>";
		};
/* End PBXGroup section */

/* Begin PBXNativeTarget section */
		D4AB3B5C27F098CB00125B37 /* ThreadSafety */ = {
			isa = PBXNativeTarget;
			buildConfigurationList = D4AB3B7127F098CC00125B37 /* Build configuration list for PBXNativeTarget "ThreadSafety" */;
			buildPhases = (
				BA7172B15DB8C41284F52666 /* [CP] Check Pods Manifest.lock */,
				D4AB3B5927F098CB00125B37 /* Sources */,
				D4AB3B5A27F098CB00125B37 /* Frameworks */,
				D4AB3B5B27F098CB00125B37 /* Resources */,
			);
			buildRules = (
			);
			dependencies = (
			);
			name = ThreadSafety;
			productName = ThreadSafety;
			productReference = D4AB3B5D27F098CB00125B37 /* ThreadSafety.app */;
			productType = "com.apple.product-type.application";
		};
/* End PBXNativeTarget section */

/* Begin PBXProject section */
		D4AB3B5527F098CB00125B37 /* Project object */ = {
			isa = PBXProject;
			attributes = {
				BuildIndependentTargetsInParallel = 1;
				LastSwiftUpdateCheck = 1330;
				LastUpgradeCheck = 1330;
				TargetAttributes = {
					D4AB3B5C27F098CB00125B37 = {
						CreatedOnToolsVersion = 13.3;
					};
				};
			};
			buildConfigurationList = D4AB3B5827F098CB00125B37 /* Build configuration list for PBXProject "ThreadSafety" */;
			compatibilityVersion = "Xcode 13.0";
			developmentRegion = en;
			hasScannedForEncodings = 0;
			knownRegions = (
				en,
				Base,
			);
			mainGroup = D4AB3B5427F098CB00125B37;
			productRefGroup = D4AB3B5E27F098CB00125B37 /* Products */;
			projectDirPath = "";
			projectRoot = "";
			targets = (
				D4AB3B5C27F098CB00125B37 /* ThreadSafety */,
			);
		};
/* End PBXProject section */

/* Begin PBXResourcesBuildPhase section */
		D4AB3B5B27F098CB00125B37 /* Resources */ = {
			isa = PBXResourcesBuildPhase;
			buildActionMask = 2147483647;
			files = (
				D4AB3B6D27F098CC00125B37 /* LaunchScreen.storyboard in Resources */,
				D4AB3B6A27F098CC00125B37 /* Assets.xcassets in Resources */,
				D4AB3B6827F098CB00125B37 /* Main.storyboard in Resources */,
			);
			runOnlyForDeploymentPostprocessing = 0;
		};
/* End PBXResourcesBuildPhase section */

/* Begin PBXShellScriptBuildPhase section */
		BA7172B15DB8C41284F52666 /* [CP] Check Pods Manifest.lock */ = {
			isa = PBXShellScriptBuildPhase;
			buildActionMask = 2147483647;
			files = (
			);
			inputFileListPaths = (
			);
			inputPaths = (
				"${PODS_PODFILE_DIR_PATH}/Podfile.lock",
				"${PODS_ROOT}/Manifest.lock",
			);
			name = "[CP] Check Pods Manifest.lock";
			outputFileListPaths = (
			);
			outputPaths = (
				"$(DERIVED_FILE_DIR)/Pods-ThreadSafety-checkManifestLockResult.txt",
			);
			runOnlyForDeploymentPostprocessing = 0;
			shellPath = /bin/sh;
			shellScript = "diff \"${PODS_PODFILE_DIR_PATH}/Podfile.lock\" \"${PODS_ROOT}/Manifest.lock\" > /dev/null\nif [ $? != 0 ] ; then\n    # print error to STDERR\n    echo \"error: The sandbox is not in sync with the Podfile.lock. Run 'pod install' or update your CocoaPods installation.\" >&2\n    exit 1\nfi\n# This output is used by Xcode 'outputs' to avoid re-running this script phase.\necho \"SUCCESS\" > \"${SCRIPT_OUTPUT_FILE_0}\"\n";
			showEnvVarsInLog = 0;
		};
/* End PBXShellScriptBuildPhase section */

/* Begin PBXSourcesBuildPhase section */
		D4AB3B5927F098CB00125B37 /* Sources */ = {
			isa = PBXSourcesBuildPhase;
			buildActionMask = 2147483647;
			files = (
				D4AB3B6527F098CB00125B37 /* ViewController.swift in Sources */,
				D4AB3B6127F098CB00125B37 /* AppDelegate.swift in Sources */,
				D4AB3B6327F098CB00125B37 /* SceneDelegate.swift in Sources */,
			);
			runOnlyForDeploymentPostprocessing = 0;
		};
/* End PBXSourcesBuildPhase section */

/* Begin PBXVariantGroup section */
		D4AB3B6627F098CB00125B37 /* Main.storyboard */ = {
			isa = PBXVariantGroup;
			children = (
				D4AB3B6727F098CB00125B37 /* Base */,
			);
			name = Main.storyboard;
			sourceTree = "<group>";
		};
		D4AB3B6B27F098CC00125B37 /* LaunchScreen.storyboard */ = {
			isa = PBXVariantGroup;
			children = (
				D4AB3B6C27F098CC00125B37 /* Base */,
			);
			name = LaunchScreen.storyboard;
			sourceTree = "<group>";
		};
/* End PBXVariantGroup section */

/* Begin XCBuildConfiguration section */
		D4AB3B6F27F098CC00125B37 /* Debug */ = {
			isa = XCBuildConfiguration;
			buildSettings = {
				ALWAYS_SEARCH_USER_PATHS = NO;
				CLANG_ANALYZER_NONNULL = YES;
				CLANG_ANALYZER_NUMBER_OBJECT_CONVERSION = YES_AGGRESSIVE;
				CLANG_CXX_LANGUAGE_STANDARD = "gnu++17";
				CLANG_ENABLE_MODULES = YES;
				CLANG_ENABLE_OBJC_ARC = YES;
				CLANG_ENABLE_OBJC_WEAK = YES;
				CLANG_WARN_BLOCK_CAPTURE_AUTORELEASING = YES;
				CLANG_WARN_BOOL_CONVERSION = YES;
				CLANG_WARN_COMMA = YES;
				CLANG_WARN_CONSTANT_CONVERSION = YES;
				CLANG_WARN_DEPRECATED_OBJC_IMPLEMENTATIONS = YES;
				CLANG_WARN_DIRECT_OBJC_ISA_USAGE = YES_ERROR;
				CLANG_WARN_DOCUMENTATION_COMMENTS = YES;
				CLANG_WARN_EMPTY_BODY = YES;
				CLANG_WARN_ENUM_CONVERSION = YES;
				CLANG_WARN_INFINITE_RECURSION = YES;
				CLANG_WARN_INT_CONVERSION = YES;
				CLANG_WARN_NON_LITERAL_NULL_CONVERSION = YES;
				CLANG_WARN_OBJC_IMPLICIT_RETAIN_SELF = YES;
				CLANG_WARN_OBJC_LITERAL_CONVERSION = YES;
				CLANG_WARN_OBJC_ROOT_CLASS = YES_ERROR;
				CLANG_WARN_QUOTED_INCLUDE_IN_FRAMEWORK_HEADER = YES;
				CLANG_WARN_RANGE_LOOP_ANALYSIS = YES;
				CLANG_WARN_STRICT_PROTOTYPES = YES;
				CLANG_WARN_SUSPICIOUS_MOVE = YES;
				CLANG_WARN_UNGUARDED_AVAILABILITY = YES_AGGRESSIVE;
				CLANG_WARN_UNREACHABLE_CODE = YES;
				CLANG_WARN__DUPLICATE_METHOD_MATCH = YES;
				COPY_PHASE_STRIP = NO;
				DEBUG_INFORMATION_FORMAT = dwarf;
				ENABLE_STRICT_OBJC_MSGSEND = YES;
				ENABLE_TESTABILITY = YES;
				GCC_C_LANGUAGE_STANDARD = gnu11;
				GCC_DYNAMIC_NO_PIC = NO;
				GCC_NO_COMMON_BLOCKS = YES;
				GCC_OPTIMIZATION_LEVEL = 0;
				GCC_PREPROCESSOR_DEFINITIONS = (
					"DEBUG=1",
					"$(inherited)",
				);
				GCC_WARN_64_TO_32_BIT_CONVERSION = YES;
				GCC_WARN_ABOUT_RETURN_TYPE = YES_ERROR;
				GCC_WARN_UNDECLARED_SELECTOR = YES;
				GCC_WARN_UNINITIALIZED_AUTOS = YES_AGGRESSIVE;
				GCC_WARN_UNUSED_FUNCTION = YES;
				GCC_WARN_UNUSED_VARIABLE = YES;
				IPHONEOS_DEPLOYMENT_TARGET = 15.4;
				MTL_ENABLE_DEBUG_INFO = INCLUDE_SOURCE;
				MTL_FAST_MATH = YES;
				ONLY_ACTIVE_ARCH = YES;
				SDKROOT = iphoneos;
				SWIFT_ACTIVE_COMPILATION_CONDITIONS = DEBUG;
				SWIFT_OPTIMIZATION_LEVEL = "-Onone";
			};
			name = Debug;
		};
		D4AB3B7027F098CC00125B37 /* Release */ = {
			isa = XCBuildConfiguration;
			buildSettings = {
				ALWAYS_SEARCH_USER_PATHS = NO;
				CLANG_ANALYZER_NONNULL = YES;
				CLANG_ANALYZER_NUMBER_OBJECT_CONVERSION = YES_AGGRESSIVE;
				CLANG_CXX_LANGUAGE_STANDARD = "gnu++17";
				CLANG_ENABLE_MODULES = YES;
				CLANG_ENABLE_OBJC_ARC = YES;
				CLANG_ENABLE_OBJC_WEAK = YES;
				CLANG_WARN_BLOCK_CAPTURE_AUTORELEASING = YES;
				CLANG_WARN_BOOL_CONVERSION = YES;
				CLANG_WARN_COMMA = YES;
				CLANG_WARN_CONSTANT_CONVERSION = YES;
				CLANG_WARN_DEPRECATED_OBJC_IMPLEMENTATIONS = YES;
				CLANG_WARN_DIRECT_OBJC_ISA_USAGE = YES_ERROR;
				CLANG_WARN_DOCUMENTATION_COMMENTS = YES;
				CLANG_WARN_EMPTY_BODY = YES;
				CLANG_WARN_ENUM_CONVERSION = YES;
				CLANG_WARN_INFINITE_RECURSION = YES;
				CLANG_WARN_INT_CONVERSION = YES;
				CLANG_WARN_NON_LITERAL_NULL_CONVERSION = YES;
				CLANG_WARN_OBJC_IMPLICIT_RETAIN_SELF = YES;
				CLANG_WARN_OBJC_LITERAL_CONVERSION = YES;
				CLANG_WARN_OBJC_ROOT_CLASS = YES_ERROR;
				CLANG_WARN_QUOTED_INCLUDE_IN_FRAMEWORK_HEADER = YES;
				CLANG_WARN_RANGE_LOOP_ANALYSIS = YES;
				CLANG_WARN_STRICT_PROTOTYPES = YES;
				CLANG_WARN_SUSPICIOUS_MOVE = YES;
				CLANG_WARN_UNGUARDED_AVAILABILITY = YES_AGGRESSIVE;
				CLANG_WARN_UNREACHABLE_CODE = YES;
				CLANG_WARN__DUPLICATE_METHOD_MATCH = YES;
				COPY_PHASE_STRIP = NO;
				DEBUG_INFORMATION_FORMAT = "dwarf-with-dsym";
				ENABLE_NS_ASSERTIONS = NO;
				ENABLE_STRICT_OBJC_MSGSEND = YES;
				GCC_C_LANGUAGE_STANDARD = gnu11;
				GCC_NO_COMMON_BLOCKS = YES;
				GCC_WARN_64_TO_32_BIT_CONVERSION = YES;
				GCC_WARN_ABOUT_RETURN_TYPE = YES_ERROR;
				GCC_WARN_UNDECLARED_SELECTOR = YES;
				GCC_WARN_UNINITIALIZED_AUTOS = YES_AGGRESSIVE;
				GCC_WARN_UNUSED_FUNCTION = YES;
				GCC_WARN_UNUSED_VARIABLE = YES;
				IPHONEOS_DEPLOYMENT_TARGET = 15.4;
				MTL_ENABLE_DEBUG_INFO = NO;
				MTL_FAST_MATH = YES;
				SDKROOT = iphoneos;
				SWIFT_COMPILATION_MODE = wholemodule;
				SWIFT_OPTIMIZATION_LEVEL = "-O";
				VALIDATE_PRODUCT = YES;
			};
			name = Release;
		};
		D4AB3B7227F098CC00125B37 /* Debug */ = {
			isa = XCBuildConfiguration;
			baseConfigurationReference = 62658499BC301B0012C6CAA7 /* Pods-ThreadSafety.debug.xcconfig */;
			buildSettings = {
				ASSETCATALOG_COMPILER_APPICON_NAME = AppIcon;
				ASSETCATALOG_COMPILER_GLOBAL_ACCENT_COLOR_NAME = AccentColor;
				CODE_SIGN_STYLE = Automatic;
				CURRENT_PROJECT_VERSION = 1;
				DEVELOPMENT_TEAM = 87LJKF34PJ;
				GENERATE_INFOPLIST_FILE = YES;
				INFOPLIST_FILE = ThreadSafety/Info.plist;
				INFOPLIST_KEY_UIApplicationSupportsIndirectInputEvents = YES;
				INFOPLIST_KEY_UILaunchStoryboardName = LaunchScreen;
				INFOPLIST_KEY_UIMainStoryboardFile = Main;
				INFOPLIST_KEY_UISupportedInterfaceOrientations_iPad = "UIInterfaceOrientationPortrait UIInterfaceOrientationPortraitUpsideDown UIInterfaceOrientationLandscapeLeft UIInterfaceOrientationLandscapeRight";
				INFOPLIST_KEY_UISupportedInterfaceOrientations_iPhone = "UIInterfaceOrientationPortrait UIInterfaceOrientationLandscapeLeft UIInterfaceOrientationLandscapeRight";
				IPHONEOS_DEPLOYMENT_TARGET = 15.0;
				LD_RUNPATH_SEARCH_PATHS = (
					"$(inherited)",
					"@executable_path/Frameworks",
				);
				MARKETING_VERSION = 1.0;
				PRODUCT_BUNDLE_IDENTIFIER = com.harshvardhanarora.ThreadSafety;
				PRODUCT_NAME = "$(TARGET_NAME)";
				SWIFT_EMIT_LOC_STRINGS = YES;
				SWIFT_VERSION = 5.0;
				TARGETED_DEVICE_FAMILY = "1,2";
			};
			name = Debug;
		};
		D4AB3B7327F098CC00125B37 /* Release */ = {
			isa = XCBuildConfiguration;
			baseConfigurationReference = 8269AB1D712932316D8DF709 /* Pods-ThreadSafety.release.xcconfig */;
			buildSettings = {
				ASSETCATALOG_COMPILER_APPICON_NAME = AppIcon;
				ASSETCATALOG_COMPILER_GLOBAL_ACCENT_COLOR_NAME = AccentColor;
				CODE_SIGN_STYLE = Automatic;
				CURRENT_PROJECT_VERSION = 1;
				DEVELOPMENT_TEAM = 87LJKF34PJ;
				GENERATE_INFOPLIST_FILE = YES;
				INFOPLIST_FILE = ThreadSafety/Info.plist;
				INFOPLIST_KEY_UIApplicationSupportsIndirectInputEvents = YES;
				INFOPLIST_KEY_UILaunchStoryboardName = LaunchScreen;
				INFOPLIST_KEY_UIMainStoryboardFile = Main;
				INFOPLIST_KEY_UISupportedInterfaceOrientations_iPad = "UIInterfaceOrientationPortrait UIInterfaceOrientationPortraitUpsideDown UIInterfaceOrientationLandscapeLeft UIInterfaceOrientationLandscapeRight";
				INFOPLIST_KEY_UISupportedInterfaceOrientations_iPhone = "UIInterfaceOrientationPortrait UIInterfaceOrientationLandscapeLeft UIInterfaceOrientationLandscapeRight";
				IPHONEOS_DEPLOYMENT_TARGET = 15.0;
				LD_RUNPATH_SEARCH_PATHS = (
					"$(inherited)",
					"@executable_path/Frameworks",
				);
				MARKETING_VERSION = 1.0;
				PRODUCT_BUNDLE_IDENTIFIER = com.harshvardhanarora.ThreadSafety;
				PRODUCT_NAME = "$(TARGET_NAME)";
				SWIFT_EMIT_LOC_STRINGS = YES;
				SWIFT_VERSION = 5.0;
				TARGETED_DEVICE_FAMILY = "1,2";
			};
			name = Release;
		};
/* End XCBuildConfiguration section */

/* Begin XCConfigurationList section */
		D4AB3B5827F098CB00125B37 /* Build configuration list for PBXProject "ThreadSafety" */ = {
			isa = XCConfigurationList;
			buildConfigurations = (
				D4AB3B6F27F098CC00125B37 /* Debug */,
				D4AB3B7027F098CC00125B37 /* Release */,
			);
			defaultConfigurationIsVisible = 0;
			defaultConfigurationName = Release;
		};
		D4AB3B7127F098CC00125B37 /* Build configuration list for PBXNativeTarget "ThreadSafety" */ = {
			isa = XCConfigurationList;
			buildConfigurations = (
				D4AB3B7227F098CC00125B37 /* Debug */,
				D4AB3B7327F098CC00125B37 /* Release */,
			);
			defaultConfigurationIsVisible = 0;
			defaultConfigurationName = Release;
		};
/* End XCConfigurationList section */
	};
	rootObject = D4AB3B5527F098CB00125B37 /* Project object */;
}
